
Microsoft Visual Studio Solution File, Format Version 12.00
# Visual Studio Version 16
VisualStudioVersion = 16.0.30320.27
MinimumVisualStudioVersion = 10.0.40219.1
Project("{FAE04EC0-301F-11D3-BF4B-00C04F79EFBC}") = "Artnet-Node Admin", "Artnet-Node Admin\Artnet-Node Admin.csproj", "{BEDD2051-5958-4A1B-A8FD-E045EFE37BE0}"
EndProject
Global
	GlobalSection(SolutionConfigurationPlatforms) = preSolution
		Debug|Any CPU = Debug|Any CPU
		Release|Any CPU = Release|Any CPU
	EndGlobalSection
	GlobalSection(ProjectConfigurationPlatforms) = postSolution
		{BEDD2051-5958-4A1B-A8FD-E045EFE37BE0}.Debug|Any CPU.ActiveCfg = Debug|Any CPU
		{BEDD2051-5958-4A1B-A8FD-E045EFE37BE0}.Debug|Any CPU.Build.0 = Debug|Any CPU
		{BEDD2051-5958-4A1B-A8FD-E045EFE37BE0}.Release|Any CPU.ActiveCfg = Release|Any CPU
		{BEDD2051-5958-4A1B-A8FD-E045EFE37BE0}.Release|Any CPU.Build.0 = Release|Any CPU
	EndGlobalSection
	GlobalSection(SolutionProperties) = preSolution
		HideSolutionNode = FALSE
	EndGlobalSection
	GlobalSection(ExtensibilityGlobals) = postSolution
		SolutionGuid = {31079A29-053D-4048-A18A-285C91AF3B14}
	EndGlobalSection
EndGlobal
